
Microsoft Visual Studio Solution File, Format Version 12.00
# Visual Studio Version 17
VisualStudioVersion = 17.3.32825.248
MinimumVisualStudioVersion = 10.0.40219.1
Project("{FAE04EC0-301F-11D3-BF4B-00C04F79EFBC}") = "Exampel1", "Exampel1.csproj", "{F7F7D808-8AFF-4FA0-B779-D343B7582F12}"
EndProject
Global
	GlobalSection(SolutionConfigurationPlatforms) = preSolution
		Debug|Any CPU = Debug|Any CPU
		Release|Any CPU = Release|Any CPU
	EndGlobalSection
	GlobalSection(ProjectConfigurationPlatforms) = postSolution
		{F7F7D808-8AFF-4FA0-B779-D343B7582F12}.Debug|Any CPU.ActiveCfg = Debug|Any CPU
		{F7F7D808-8AFF-4FA0-B779-D343B7582F12}.Debug|Any CPU.Build.0 = Debug|Any CPU
		{F7F7D808-8AFF-4FA0-B779-D343B7582F12}.Release|Any CPU.ActiveCfg = Release|Any CPU
		{F7F7D808-8AFF-4FA0-B779-D343B7582F12}.Release|Any CPU.Build.0 = Release|Any CPU
	EndGlobalSection
	GlobalSection(SolutionProperties) = preSolution
		HideSolutionNode = FALSE
	EndGlobalSection
	GlobalSection(ExtensibilityGlobals) = postSolution
		SolutionGuid = {F3AE5988-F0EF-4685-BF17-C45C2F50C68E}
	EndGlobalSection
EndGlobal
